version = 1
revision = 3
requires-python = ">=3.10"

[[package]]
name = "prometheus-client"
version = "0.23.1"
source = { registry = "https://mirrors.aliyun.com/pypi/simple/" }
sdist = { url = "https://mirrors.aliyun.com/pypi/packages/23/53/3edb5d68ecf6b38fcbcc1ad28391117d2a322d9a1a3eff04bfdb184d8c3b/prometheus_client-0.23.1.tar.gz", hash = "sha256:6ae8f9081eaaaf153a2e959d2e6c4f4fb57b12ef76c8c7980202f1e57b48b2ce" }
wheels = [
    { url = "https://mirrors.aliyun.com/pypi/packages/b8/db/14bafcb4af2139e046d03fd00dea7873e48eafe18b7d2797e73d6681f210/prometheus_client-0.23.1-py3-none-any.whl", hash = "sha256:dd1913e6e76b59cfe44e7a4b83e01afc9873c1bdfd2ed8739f1e76aeca115f99" },
]

[[package]]
name = "psutil"
version = "7.2.0"
source = { registry = "https://mirrors.aliyun.com/pypi/simple/" }
sdist = { url = "https://mirrors.aliyun.com/pypi/packages/be/7c/31d1c3ceb1260301f87565f50689dc6da3db427ece1e1e012af22abca54e/psutil-7.2.0.tar.gz", hash = "sha256:2e4f8e1552f77d14dc96fb0f6240c5b34a37081c0889f0853b3b29a496e5ef64" }
wheels = [
    { url = "https://mirrors.aliyun.com/pypi/packages/a8/8e/b35aae6ed19bc4e2286cac4832e4d522fcf00571867b0a85a3f77ef96a80/psutil-7.2.0-cp313-cp313t-macosx_10_13_x86_64.whl", hash = "sha256:c31e927555539132a00380c971816ea43d089bf4bd5f3e918ed8c16776d68474" },
    { url = "https://mirrors.aliyun.com/pypi/packages/61/a2/773d17d74e122bbffe08b97f73f2d4a01ef53fb03b98e61b8e4f64a9c6b9/psutil-7.2.0-cp313-cp313t-macosx_11_0_arm64.whl", hash = "sha256:db8e44e766cef86dea47d9a1fa535d38dc76449e5878a92f33683b7dba5bfcb2" },
    { url = "https://mirrors.aliyun.com/pypi/packages/0d/e3/d3a9b3f4bd231abbd70a988beb2e3edd15306051bccbfc4472bd34a56e01/psutil-7.2.0-cp313-cp313t-manylinux2010_x86_64.manylinux_2_12_x86_64.manylinux_2_28_x86_64.whl", hash = "sha256:85ef849ac92169dedc59a7ac2fb565f47b3468fbe1524bf748746bc21afb94c7" },
    { url = "https://mirrors.aliyun.com/pypi/packages/66/f8/6c73044424aabe1b7824d4d4504029d406648286d8fe7ba8c4682e0d3042/psutil-7.2.0-cp313-cp313t-manylinux2014_aarch64.manylinux_2_17_aarch64.manylinux_2_28_aarch64.whl", hash = "sha256:26782bdbae2f5c14ce9ebe8ad2411dc2ca870495e0cd90f8910ede7fa5e27117" },
    { url = "https://mirrors.aliyun.com/pypi/packages/48/7d/76d7a863340885d41826562225a566683e653ee6c9ba03c9f3856afa7d80/psutil-7.2.0-cp313-cp313t-win_amd64.whl", hash = "sha256:b7665f612d3b38a583391b95969667a53aaf6c5706dc27a602c9a4874fbf09e4" },
    { url = "https://mirrors.aliyun.com/pypi/packages/a0/48/200054ada0ae4872c8a71db54f3eb6a9af4101680ee6830d373b7fda526b/psutil-7.2.0-cp313-cp313t-win_arm64.whl", hash = "sha256:4413373c174520ae28a24a8974ad8ce6b21f060d27dde94e25f8c73a7effe57a" },
    { url = "https://mirrors.aliyun.com/pypi/packages/44/86/98da45dff471b93ef5ce5bcaefa00e3038295a7880a77cf74018243d37fb/psutil-7.2.0-cp314-cp314t-macosx_10_15_x86_64.whl", hash = "sha256:2f2f53fd114e7946dfba3afb98c9b7c7f376009447360ca15bfb73f2066f84c7" },
    { url = "https://mirrors.aliyun.com/pypi/packages/50/ee/10eae91ba4ad071c92db3c178ba861f30406342de9f0ddbe6d51fd741236/psutil-7.2.0-cp314-cp314t-macosx_11_0_arm64.whl", hash = "sha256:e65c41d7e60068f60ce43b31a3a7fc90deb0dfd34ffc824a2574c2e5279b377e" },
    { url = "https://mirrors.aliyun.com/pypi/packages/87/3a/2b2897443d56fedbbc34ac68a0dc7d55faa05d555372a2f989109052f86d/psutil-7.2.0-cp314-cp314t-manylinux2010_x86_64.manylinux_2_12_x86_64.manylinux_2_28_x86_64.whl", hash = "sha256:cc66d21366850a4261412ce994ae9976bba9852dafb4f2fa60db68ed17ff5281" },
    { url = "https://mirrors.aliyun.com/pypi/packages/11/66/44308428f7333db42c5ea7390c52af1b38f59b80b80c437291f58b5dfdad/psutil-7.2.0-cp314-cp314t-manylinux2014_aarch64.manylinux_2_17_aarch64.manylinux_2_28_aarch64.whl", hash = "sha256:e025d67b42b8f22b096d5d20f5171de0e0fefb2f0ce983a13c5a1b5ed9872706" },
    { url = "https://mirrors.aliyun.com/pypi/packages/18/28/d2feadc7f18e501c5ce687c377db7dca924585418fd694272b8e488ea99f/psutil-7.2.0-cp314-cp314t-win_amd64.whl", hash = "sha256:45f6b91f7ad63414d6454fd609e5e3556d0e1038d5d9c75a1368513bdf763f57" },
    { url = "https://mirrors.aliyun.com/pypi/packages/b2/1d/48381f5fd0425aa054c4ee3de24f50de3d6c347019f3aec75f357377d447/psutil-7.2.0-cp314-cp314t-win_arm64.whl", hash = "sha256:87b18a19574139d60a546e88b5f5b9cbad598e26cdc790d204ab95d7024f03ee" },
    { url = "https://mirrors.aliyun.com/pypi/packages/40/c5/a49160bf3e165b7b93a60579a353cf5d939d7f878fe5fd369110f1d18043/psutil-7.2.0-cp36-abi3-macosx_10_9_x86_64.whl", hash = "sha256:977a2fcd132d15cb05b32b2d85b98d087cad039b0ce435731670ba74da9e6133" },
    { url = "https://mirrors.aliyun.com/pypi/packages/10/a1/c75feb480f60cd768fb6ed00ac362a16a33e5076ec8475a22d8162fb2659/psutil-7.2.0-cp36-abi3-macosx_11_0_arm64.whl", hash = "sha256:24151011c21fadd94214d7139d7c6c54569290d7e553989bdf0eab73b13beb8c" },
    { url = "https://mirrors.aliyun.com/pypi/packages/12/ff/e93136587c00a543f4bc768b157fac2c47cd77b180d4f4e5c6efb6ea53a2/psutil-7.2.0-cp36-abi3-manylinux2010_x86_64.manylinux_2_12_x86_64.manylinux_2_28_x86_64.whl", hash = "sha256:91f211ba9279e7c61d9d8f84b713cfc38fa161cb0597d5cb3f1ca742f6848254" },
    { url = "https://mirrors.aliyun.com/pypi/packages/b8/dd/4c2de9c3827c892599d277a69d2224136800870a8a88a80981de905de28d/psutil-7.2.0-cp36-abi3-manylinux2014_aarch64.manylinux_2_17_aarch64.manylinux_2_28_aarch64.whl", hash = "sha256:f37415188b7ea98faf90fed51131181646c59098b077550246e2e092e127418b" },
    { url = "https://mirrors.aliyun.com/pypi/packages/81/3f/090943c682d3629968dd0b04826ddcbc760ee1379021dbe316e2ddfcd01b/psutil-7.2.0-cp36-abi3-musllinux_1_2_aarch64.whl", hash = "sha256:0d12c7ce6ed1128cd81fd54606afa054ac7dbb9773469ebb58cf2f171c49f2ac" },
    { url = "https://mirrors.aliyun.com/pypi/packages/c4/88/c39648ebb8ec182d0364af53cdefe6eddb5f3872ba718b5855a8ff65d6d4/psutil-7.2.0-cp36-abi3-musllinux_1_2_x86_64.whl", hash = "sha256:ca0faef7976530940dcd39bc5382d0d0d5eb023b186a4901ca341bd8d8684151" },
    { url = "https://mirrors.aliyun.com/pypi/packages/01/a2/5b39e08bd9b27476bc7cce7e21c71a481ad60b81ffac49baf02687a50d7f/psutil-7.2.0-cp37-abi3-win_amd64.whl", hash = "sha256:abdb74137ca232d20250e9ad471f58d500e7743bc8253ba0bfbf26e570c0e437" },
    { url = "https://mirrors.aliyun.com/pypi/packages/59/54/53839db1258c1eaeb4ded57ff202144ebc75b23facc05a74fd98d338b0c6/psutil-7.2.0-cp37-abi3-win_arm64.whl", hash = "sha256:284e71038b3139e7ab3834b63b3eb5aa5565fcd61a681ec746ef9a0a8c457fd2" },
]

[[package]]
name = "py-node-exporter"
version = "0.1.0"
source = { virtual = "." }
dependencies = [
    { name = "prometheus-client" },
    { name = "psutil" },
]

[package.metadata]
requires-dist = [
    { name = "prometheus-client", specifier = ">=0.23.1" },
    { name = "psutil", specifier = ">=7.2.0" },
]
